
Microsoft Visual Studio Solution File, Format Version 12.00
# Visual Studio Version 16
VisualStudioVersion = 16.0.31129.286
MinimumVisualStudioVersion = 10.0.40219.1
Project("{FAE04EC0-301F-11D3-BF4B-00C04F79EFBC}") = "SlnProyectoFinal", "SlnProyectoFinal\SlnProyectoFinal.csproj", "{612D7A3B-9937-4D79-8E42-15B6B7B5EA6E}"
EndProject
Global
	GlobalSection(SolutionConfigurationPlatforms) = preSolution
		Debug|Any CPU = Debug|Any CPU
		Release|Any CPU = Release|Any CPU
	EndGlobalSection
	GlobalSection(ProjectConfigurationPlatforms) = postSolution
		{612D7A3B-9937-4D79-8E42-15B6B7B5EA6E}.Debug|Any CPU.ActiveCfg = Debug|Any CPU
		{612D7A3B-9937-4D79-8E42-15B6B7B5EA6E}.Debug|Any CPU.Build.0 = Debug|Any CPU
		{612D7A3B-9937-4D79-8E42-15B6B7B5EA6E}.Release|Any CPU.ActiveCfg = Release|Any CPU
		{612D7A3B-9937-4D79-8E42-15B6B7B5EA6E}.Release|Any CPU.Build.0 = Release|Any CPU
	EndGlobalSection
	GlobalSection(SolutionProperties) = preSolution
		HideSolutionNode = FALSE
	EndGlobalSection
	GlobalSection(ExtensibilityGlobals) = postSolution
		SolutionGuid = {03BF6995-D345-4F83-8397-BA20BBF1B951}
	EndGlobalSection
EndGlobal
